
Microsoft Visual Studio Solution File, Format Version 12.00
# Visual Studio 14
VisualStudioVersion = 14.0.25123.0
MinimumVisualStudioVersion = 10.0.40219.1
Project("{FAE04EC0-301F-11D3-BF4B-00C04F79EFBC}") = "ComicBookInventoryAPI", "ComicBookInventoryAPI\ComicBookInventoryAPI.csproj", "{9603148B-D6CD-4722-A96F-B295A0156714}"
EndProject
Project("{FAE04EC0-301F-11D3-BF4B-00C04F79EFBC}") = "MigiFramework", "..\..\..\Framework\MigiFramework\MigiFramework.csproj", "{9881B257-4B49-4F9F-97A4-692523655FC2}"
EndProject
Project("{FAE04EC0-301F-11D3-BF4B-00C04F79EFBC}") = "MigiFrameworkHelper", "..\..\..\Framework\MigiFrameworkHelper\MigiFrameworkHelper.csproj", "{3B728659-D167-4A20-AC97-C86DD346CD8B}"
EndProject
Project("{FAE04EC0-301F-11D3-BF4B-00C04F79EFBC}") = "ComicBookInventoryData", "..\..\Components\ComicBookInventoryData\ComicBookInventoryData.csproj", "{82ED98E1-ED95-4FD2-A957-57AAB2870C3C}"
EndProject
Project("{FAE04EC0-301F-11D3-BF4B-00C04F79EFBC}") = "ComicBookInventoryDomain", "..\..\Components\ComicBookInventoryDomain\ComicBookInventoryDomain.csproj", "{41A0C044-5EF8-4D17-B857-3F821D77203E}"
EndProject
Project("{FAE04EC0-301F-11D3-BF4B-00C04F79EFBC}") = "ComicBookInventoryTests", "..\..\Components\ComicBookInventoryTests\ComicBookInventoryTests.csproj", "{5D5BD15D-4B1E-4F9A-AD99-260203C3D034}"
EndProject
Global
	GlobalSection(SolutionConfigurationPlatforms) = preSolution
		Debug|Any CPU = Debug|Any CPU
		Release|Any CPU = Release|Any CPU
	EndGlobalSection
	GlobalSection(ProjectConfigurationPlatforms) = postSolution
		{9603148B-D6CD-4722-A96F-B295A0156714}.Debug|Any CPU.ActiveCfg = Debug|Any CPU
		{9603148B-D6CD-4722-A96F-B295A0156714}.Debug|Any CPU.Build.0 = Debug|Any CPU
		{9603148B-D6CD-4722-A96F-B295A0156714}.Release|Any CPU.ActiveCfg = Release|Any CPU
		{9603148B-D6CD-4722-A96F-B295A0156714}.Release|Any CPU.Build.0 = Release|Any CPU
		{9881B257-4B49-4F9F-97A4-692523655FC2}.Debug|Any CPU.ActiveCfg = Debug|Any CPU
		{9881B257-4B49-4F9F-97A4-692523655FC2}.Debug|Any CPU.Build.0 = Debug|Any CPU
		{9881B257-4B49-4F9F-97A4-692523655FC2}.Release|Any CPU.ActiveCfg = Release|Any CPU
		{9881B257-4B49-4F9F-97A4-692523655FC2}.Release|Any CPU.Build.0 = Release|Any CPU
		{3B728659-D167-4A20-AC97-C86DD346CD8B}.Debug|Any CPU.ActiveCfg = Debug|Any CPU
		{3B728659-D167-4A20-AC97-C86DD346CD8B}.Debug|Any CPU.Build.0 = Debug|Any CPU
		{3B728659-D167-4A20-AC97-C86DD346CD8B}.Release|Any CPU.ActiveCfg = Release|Any CPU
		{3B728659-D167-4A20-AC97-C86DD346CD8B}.Release|Any CPU.Build.0 = Release|Any CPU
		{82ED98E1-ED95-4FD2-A957-57AAB2870C3C}.Debug|Any CPU.ActiveCfg = Debug|Any CPU
		{82ED98E1-ED95-4FD2-A957-57AAB2870C3C}.Debug|Any CPU.Build.0 = Debug|Any CPU
		{82ED98E1-ED95-4FD2-A957-57AAB2870C3C}.Release|Any CPU.ActiveCfg = Release|Any CPU
		{82ED98E1-ED95-4FD2-A957-57AAB2870C3C}.Release|Any CPU.Build.0 = Release|Any CPU
		{41A0C044-5EF8-4D17-B857-3F821D77203E}.Debug|Any CPU.ActiveCfg = Debug|Any CPU
		{41A0C044-5EF8-4D17-B857-3F821D77203E}.Debug|Any CPU.Build.0 = Debug|Any CPU
		{41A0C044-5EF8-4D17-B857-3F821D77203E}.Release|Any CPU.ActiveCfg = Release|Any CPU
		{41A0C044-5EF8-4D17-B857-3F821D77203E}.Release|Any CPU.Build.0 = Release|Any CPU
		{5D5BD15D-4B1E-4F9A-AD99-260203C3D034}.Debug|Any CPU.ActiveCfg = Debug|Any CPU
		{5D5BD15D-4B1E-4F9A-AD99-260203C3D034}.Debug|Any CPU.Build.0 = Debug|Any CPU
		{5D5BD15D-4B1E-4F9A-AD99-260203C3D034}.Release|Any CPU.ActiveCfg = Release|Any CPU
		{5D5BD15D-4B1E-4F9A-AD99-260203C3D034}.Release|Any CPU.Build.0 = Release|Any CPU
	EndGlobalSection
	GlobalSection(SolutionProperties) = preSolution
		HideSolutionNode = FALSE
	EndGlobalSection
EndGlobal
